<Solution>
  <Project Path="dzial11_3/dzial11_3.csproj" />
  <Project Path="dzial12_3/dzial12_3.csproj" />
  <Project Path="dzial13_3/dzial13_3.csproj" />
  <Project Path="dzial6_3/dzial6_3.csproj" Id="578f6b07-6c75-4616-8382-a9360a968410" />
  <Project Path="dzial8+3/dzial7_3.csproj" Id="1626acb0-9e1c-4139-90c4-9be8539f9c40" />
  <Project Path="zadaniaC#/dzial10_3.csproj" />
</Solution>
